// !$*UTF8*$!
{
	archiveVersion = 1;
	classes = {
	};
	objectVersion = 50;
	objects = {

/* Begin PBXBuildFile section */
		1CE03F4513ABD152F008508B /* Pods_DemoMVVM_RxSwiftUITests.framework in Frameworks */ = {isa = PBXBuildFile; fileRef = 15F8DA26775BE880BC2455F1 /* Pods_DemoMVVM_RxSwiftUITests.framework */; };
		E0C2B266AB26F9E539B8D8EB /* Pods_DemoMVVM_RxSwiftTests.framework in Frameworks */ = {isa = PBXBuildFile; fileRef = 7A889EFC094116697BF0482B /* Pods_DemoMVVM_RxSwiftTests.framework */; };
		E6B992EE2B7EDAEA1C2DDDB6 /* Pods_DemoMVVM_RxSwift.framework in Frameworks */ = {isa = PBXBuildFile; fileRef = 69E11EB6CF7102A87C22A14D /* Pods_DemoMVVM_RxSwift.framework */; };
		FCBA8C13224DC66700E6A1DE /* AppDelegate.swift in Sources */ = {isa = PBXBuildFile; fileRef = FCBA8C12224DC66700E6A1DE /* AppDelegate.swift */; };
		FCBA8C15224DC66700E6A1DE /* ViewController.swift in Sources */ = {isa = PBXBuildFile; fileRef = FCBA8C14224DC66700E6A1DE /* ViewController.swift */; };
		FCBA8C18224DC66700E6A1DE /* Main.storyboard in Resources */ = {isa = PBXBuildFile; fileRef = FCBA8C16224DC66700E6A1DE /* Main.storyboard */; };
		FCBA8C1A224DC66A00E6A1DE /* Assets.xcassets in Resources */ = {isa = PBXBuildFile; fileRef = FCBA8C19224DC66A00E6A1DE /* Assets.xcassets */; };
		FCBA8C1D224DC66A00E6A1DE /* LaunchScreen.storyboard in Resources */ = {isa = PBXBuildFile; fileRef = FCBA8C1B224DC66A00E6A1DE /* LaunchScreen.storyboard */; };
		FCBA8C28224DC66A00E6A1DE /* DemoMVVM_RxSwiftTests.swift in Sources */ = {isa = PBXBuildFile; fileRef = FCBA8C27224DC66A00E6A1DE /* DemoMVVM_RxSwiftTests.swift */; };
		FCBA8C33224DC66A00E6A1DE /* DemoMVVM_RxSwiftUITests.swift in Sources */ = {isa = PBXBuildFile; fileRef = FCBA8C32224DC66A00E6A1DE /* DemoMVVM_RxSwiftUITests.swift */; };
/* End PBXBuildFile section */

/* Begin PBXContainerItemProxy section */
		FCBA8C24224DC66A00E6A1DE /* PBXContainerItemProxy */ = {
			isa = PBXContainerItemProxy;
			containerPortal = FCBA8C07224DC66700E6A1DE /* Project object */;
			proxyType = 1;
			remoteGlobalIDString = FCBA8C0E224DC66700E6A1DE;
			remoteInfo = "DemoMVVM-RxSwift";
		};
		FCBA8C2F224DC66A00E6A1DE /* PBXContainerItemProxy */ = {
			isa = PBXContainerItemProxy;
			containerPortal = FCBA8C07224DC66700E6A1DE /* Project object */;
			proxyType = 1;
			remoteGlobalIDString = FCBA8C0E224DC66700E6A1DE;
			remoteInfo = "DemoMVVM-RxSwift";
		};
/* End PBXContainerItemProxy section */

/* Begin PBXFileReference section */
		15F8DA26775BE880BC2455F1 /* Pods_DemoMVVM_RxSwiftUITests.framework */ = {isa = PBXFileReference; explicitFileType = wrapper.framework; includeInIndex = 0; path = Pods_DemoMVVM_RxSwiftUITests.framework; sourceTree = BUILT_PRODUCTS_DIR; };
		1996A56D74D5E18C7D075DCD /* Pods-DemoMVVM-RxSwiftTests.debug.xcconfig */ = {isa = PBXFileReference; includeInIndex = 1; lastKnownFileType = text.xcconfig; name = "Pods-DemoMVVM-RxSwiftTests.debug.xcconfig"; path = "Target Support Files/Pods-DemoMVVM-RxSwiftTests/Pods-DemoMVVM-RxSwiftTests.debug.xcconfig"; sourceTree = "<group>"; };
		1F09DDFE9060F5D84AB5F83B /* Pods-DemoMVVM-RxSwiftTests.release.xcconfig */ = {isa = PBXFileReference; includeInIndex = 1; lastKnownFileType = text.xcconfig; name = "Pods-DemoMVVM-RxSwiftTests.release.xcconfig"; path = "Target Support Files/Pods-DemoMVVM-RxSwiftTests/Pods-DemoMVVM-RxSwiftTests.release.xcconfig"; sourceTree = "<group>"; };
		661ADBE44343FF0F6C683021 /* Pods-DemoMVVM-RxSwiftUITests.release.xcconfig */ = {isa = PBXFileReference; includeInIndex = 1; lastKnownFileType = text.xcconfig; name = "Pods-DemoMVVM-RxSwiftUITests.release.xcconfig"; path = "Target Support Files/Pods-DemoMVVM-RxSwiftUITests/Pods-DemoMVVM-RxSwiftUITests.release.xcconfig"; sourceTree = "<group>"; };
		69E11EB6CF7102A87C22A14D /* Pods_DemoMVVM_RxSwift.framework */ = {isa = PBXFileReference; explicitFileType = wrapper.framework; includeInIndex = 0; path = Pods_DemoMVVM_RxSwift.framework; sourceTree = BUILT_PRODUCTS_DIR; };
		7A889EFC094116697BF0482B /* Pods_DemoMVVM_RxSwiftTests.framework */ = {isa = PBXFileReference; explicitFileType = wrapper.framework; includeInIndex = 0; path = Pods_DemoMVVM_RxSwiftTests.framework; sourceTree = BUILT_PRODUCTS_DIR; };
		8D0F470268176F4A37797A17 /* Pods-DemoMVVM-RxSwiftUITests.debug.xcconfig */ = {isa = PBXFileReference; includeInIndex = 1; lastKnownFileType = text.xcconfig; name = "Pods-DemoMVVM-RxSwiftUITests.debug.xcconfig"; path = "Target Support Files/Pods-DemoMVVM-RxSwiftUITests/Pods-DemoMVVM-RxSwiftUITests.debug.xcconfig"; sourceTree = "<group>"; };
		A5F1CEE0484EE8F09EDF490F /* Pods-DemoMVVM-RxSwift.debug.xcconfig */ = {isa = PBXFileReference; includeInIndex = 1; lastKnownFileType = text.xcconfig; name = "Pods-DemoMVVM-RxSwift.debug.xcconfig"; path = "Target Support Files/Pods-DemoMVVM-RxSwift/Pods-DemoMVVM-RxSwift.debug.xcconfig"; sourceTree = "<group>"; };
		F2EB88CE0392F45BE2A9E70C /* Pods-DemoMVVM-RxSwift.release.xcconfig */ = {isa = PBXFileReference; includeInIndex = 1; lastKnownFileType = text.xcconfig; name = "Pods-DemoMVVM-RxSwift.release.xcconfig"; path = "Target Support Files/Pods-DemoMVVM-RxSwift/Pods-DemoMVVM-RxSwift.release.xcconfig"; sourceTree = "<group>"; };
		FCBA8C0F224DC66700E6A1DE /* DemoMVVM-RxSwift.app */ = {isa = PBXFileReference; explicitFileType = wrapper.application; includeInIndex = 0; path = "DemoMVVM-RxSwift.app"; sourceTree = BUILT_PRODUCTS_DIR; };
		FCBA8C12224DC66700E6A1DE /* AppDelegate.swift */ = {isa = PBXFileReference; lastKnownFileType = sourcecode.swift; path = AppDelegate.swift; sourceTree = "<group>"; };
		FCBA8C14224DC66700E6A1DE /* ViewController.swift */ = {isa = PBXFileReference; lastKnownFileType = sourcecode.swift; path = ViewController.swift; sourceTree = "<group>"; };
		FCBA8C17224DC66700E6A1DE /* Base */ = {isa = PBXFileReference; lastKnownFileType = file.storyboard; name = Base; path = Base.lproj/Main.storyboard; sourceTree = "<group>"; };
		FCBA8C19224DC66A00E6A1DE /* Assets.xcassets */ = {isa = PBXFileReference; lastKnownFileType = folder.assetcatalog; path = Assets.xcassets; sourceTree = "<group>"; };
		FCBA8C1C224DC66A00E6A1DE /* Base */ = {isa = PBXFileReference; lastKnownFileType = file.storyboard; name = Base; path = Base.lproj/LaunchScreen.storyboard; sourceTree = "<group>"; };
		FCBA8C1E224DC66A00E6A1DE /* Info.plist */ = {isa = PBXFileReference; lastKnownFileType = text.plist.xml; path = Info.plist; sourceTree = "<group>"; };
		FCBA8C23224DC66A00E6A1DE /* DemoMVVM-RxSwiftTests.xctest */ = {isa = PBXFileReference; explicitFileType = wrapper.cfbundle; includeInIndex = 0; path = "DemoMVVM-RxSwiftTests.xctest"; sourceTree = BUILT_PRODUCTS_DIR; };
		FCBA8C27224DC66A00E6A1DE /* DemoMVVM_RxSwiftTests.swift */ = {isa = PBXFileReference; lastKnownFileType = sourcecode.swift; path = DemoMVVM_RxSwiftTests.swift; sourceTree = "<group>"; };
		FCBA8C29224DC66A00E6A1DE /* Info.plist */ = {isa = PBXFileReference; lastKnownFileType = text.plist.xml; path = Info.plist; sourceTree = "<group>"; };
		FCBA8C2E224DC66A00E6A1DE /* DemoMVVM-RxSwiftUITests.xctest */ = {isa = PBXFileReference; explicitFileType = wrapper.cfbundle; includeInIndex = 0; path = "DemoMVVM-RxSwiftUITests.xctest"; sourceTree = BUILT_PRODUCTS_DIR; };
		FCBA8C32224DC66A00E6A1DE /* DemoMVVM_RxSwiftUITests.swift */ = {isa = PBXFileReference; lastKnownFileType = sourcecode.swift; path = DemoMVVM_RxSwiftUITests.swift; sourceTree = "<group>"; };
		FCBA8C34224DC66A00E6A1DE /* Info.plist */ = {isa = PBXFileReference; lastKnownFileType = text.plist.xml; path = Info.plist; sourceTree = "<group>"; };
/* End PBXFileReference section */

/* Begin PBXFrameworksBuildPhase section */
		FCBA8C0C224DC66700E6A1DE /* Frameworks */ = {
			isa = PBXFrameworksBuildPhase;
			buildActionMask = 2147483647;
			files = (
				E6B992EE2B7EDAEA1C2DDDB6 /* Pods_DemoMVVM_RxSwift.framework in Frameworks */,
			);
			runOnlyForDeploymentPostprocessing = 0;
		};
		FCBA8C20224DC66A00E6A1DE /* Frameworks */ = {
			isa = PBXFrameworksBuildPhase;
			buildActionMask = 2147483647;
			files = (
				E0C2B266AB26F9E539B8D8EB /* Pods_DemoMVVM_RxSwiftTests.framework in Frameworks */,
			);
			runOnlyForDeploymentPostprocessing = 0;
		};
		FCBA8C2B224DC66A00E6A1DE /* Frameworks */ = {
			isa = PBXFrameworksBuildPhase;
			buildActionMask = 2147483647;
			files = (
				1CE03F4513ABD152F008508B /* Pods_DemoMVVM_RxSwiftUITests.framework in Frameworks */,
			);
			runOnlyForDeploymentPostprocessing = 0;
		};
/* End PBXFrameworksBuildPhase section */

/* Begin PBXGroup section */
		5FA47804EAF04C68D2C009AA /* Pods */ = {
			isa = PBXGroup;
			children = (
				A5F1CEE0484EE8F09EDF490F /* Pods-DemoMVVM-RxSwift.debug.xcconfig */,
				F2EB88CE0392F45BE2A9E70C /* Pods-DemoMVVM-RxSwift.release.xcconfig */,
				1996A56D74D5E18C7D075DCD /* Pods-DemoMVVM-RxSwiftTests.debug.xcconfig */,
				1F09DDFE9060F5D84AB5F83B /* Pods-DemoMVVM-RxSwiftTests.release.xcconfig */,
				8D0F470268176F4A37797A17 /* Pods-DemoMVVM-RxSwiftUITests.debug.xcconfig */,
				661ADBE44343FF0F6C683021 /* Pods-DemoMVVM-RxSwiftUITests.release.xcconfig */,
			);
			name = Pods;
			path = Pods;
			sourceTree = "<group>";
		};
		CA09951FCC01220BE8165EC3 /* Frameworks */ = {
			isa = PBXGroup;
			children = (
				69E11EB6CF7102A87C22A14D /* Pods_DemoMVVM_RxSwift.framework */,
				7A889EFC094116697BF0482B /* Pods_DemoMVVM_RxSwiftTests.framework */,
				15F8DA26775BE880BC2455F1 /* Pods_DemoMVVM_RxSwiftUITests.framework */,
			);
			name = Frameworks;
			sourceTree = "<group>";
		};
		FCBA8C06224DC66700E6A1DE = {
			isa = PBXGroup;
			children = (
				FCBA8C11224DC66700E6A1DE /* DemoMVVM-RxSwift */,
				FCBA8C26224DC66A00E6A1DE /* DemoMVVM-RxSwiftTests */,
				FCBA8C31224DC66A00E6A1DE /* DemoMVVM-RxSwiftUITests */,
				FCBA8C10224DC66700E6A1DE /* Products */,
				5FA47804EAF04C68D2C009AA /* Pods */,
				CA09951FCC01220BE8165EC3 /* Frameworks */,
			);
			sourceTree = "<group>";
		};
		FCBA8C10224DC66700E6A1DE /* Products */ = {
			isa = PBXGroup;
			children = (
				FCBA8C0F224DC66700E6A1DE /* DemoMVVM-RxSwift.app */,
				FCBA8C23224DC66A00E6A1DE /* DemoMVVM-RxSwiftTests.xctest */,
				FCBA8C2E224DC66A00E6A1DE /* DemoMVVM-RxSwiftUITests.xctest */,
			);
			name = Products;
			sourceTree = "<group>";
		};
		FCBA8C11224DC66700E6A1DE /* DemoMVVM-RxSwift */ = {
			isa = PBXGroup;
			children = (
				FCBA8C12224DC66700E6A1DE /* AppDelegate.swift */,
				FCBA8C14224DC66700E6A1DE /* ViewController.swift */,
				FCBA8C16224DC66700E6A1DE /* Main.storyboard */,
				FCBA8C19224DC66A00E6A1DE /* Assets.xcassets */,
				FCBA8C1B224DC66A00E6A1DE /* LaunchScreen.storyboard */,
				FCBA8C1E224DC66A00E6A1DE /* Info.plist */,
			);
			path = "DemoMVVM-RxSwift";
			sourceTree = "<group>";
		};
		FCBA8C26224DC66A00E6A1DE /* DemoMVVM-RxSwiftTests */ = {
			isa = PBXGroup;
			children = (
				FCBA8C27224DC66A00E6A1DE /* DemoMVVM_RxSwiftTests.swift */,
				FCBA8C29224DC66A00E6A1DE /* Info.plist */,
			);
			path = "DemoMVVM-RxSwiftTests";
			sourceTree = "<group>";
		};
		FCBA8C31224DC66A00E6A1DE /* DemoMVVM-RxSwiftUITests */ = {
			isa = PBXGroup;
			children = (
				FCBA8C32224DC66A00E6A1DE /* DemoMVVM_RxSwiftUITests.swift */,
				FCBA8C34224DC66A00E6A1DE /* Info.plist */,
			);
			path = "DemoMVVM-RxSwiftUITests";
			sourceTree = "<group>";
		};
/* End PBXGroup section */

/* Begin PBXNativeTarget section */
		FCBA8C0E224DC66700E6A1DE /* DemoMVVM-RxSwift */ = {
			isa = PBXNativeTarget;
			buildConfigurationList = FCBA8C37224DC66A00E6A1DE /* Build configuration list for PBXNativeTarget "DemoMVVM-RxSwift" */;
			buildPhases = (
				5E9C25E90C08C96A71A6AB1A /* [CP] Check Pods Manifest.lock */,
				FCBA8C0B224DC66700E6A1DE /* Sources */,
				FCBA8C0C224DC66700E6A1DE /* Frameworks */,
				FCBA8C0D224DC66700E6A1DE /* Resources */,
				2E094AC41FB9DD8DCF0B1F10 /* [CP] Embed Pods Frameworks */,
			);
			buildRules = (
			);
			dependencies = (
			);
			name = "DemoMVVM-RxSwift";
			productName = "DemoMVVM-RxSwift";
			productReference = FCBA8C0F224DC66700E6A1DE /* DemoMVVM-RxSwift.app */;
			productType = "com.apple.product-type.application";
		};
		FCBA8C22224DC66A00E6A1DE /* DemoMVVM-RxSwiftTests */ = {
			isa = PBXNativeTarget;
			buildConfigurationList = FCBA8C3A224DC66A00E6A1DE /* Build configuration list for PBXNativeTarget "DemoMVVM-RxSwiftTests" */;
			buildPhases = (
				A11771E9C5438F563F3FD3D5 /* [CP] Check Pods Manifest.lock */,
				FCBA8C1F224DC66A00E6A1DE /* Sources */,
				FCBA8C20224DC66A00E6A1DE /* Frameworks */,
				FCBA8C21224DC66A00E6A1DE /* Resources */,
			);
			buildRules = (
			);
			dependencies = (
				FCBA8C25224DC66A00E6A1DE /* PBXTargetDependency */,
			);
			name = "DemoMVVM-RxSwiftTests";
			productName = "DemoMVVM-RxSwiftTests";
			productReference = FCBA8C23224DC66A00E6A1DE /* DemoMVVM-RxSwiftTests.xctest */;
			productType = "com.apple.product-type.bundle.unit-test";
		};
		FCBA8C2D224DC66A00E6A1DE /* DemoMVVM-RxSwiftUITests */ = {
			isa = PBXNativeTarget;
			buildConfigurationList = FCBA8C3D224DC66A00E6A1DE /* Build configuration list for PBXNativeTarget "DemoMVVM-RxSwiftUITests" */;
			buildPhases = (
				CAC6F1D987C930405664228B /* [CP] Check Pods Manifest.lock */,
				FCBA8C2A224DC66A00E6A1DE /* Sources */,
				FCBA8C2B224DC66A00E6A1DE /* Frameworks */,
				FCBA8C2C224DC66A00E6A1DE /* Resources */,
			);
			buildRules = (
			);
			dependencies = (
				FCBA8C30224DC66A00E6A1DE /* PBXTargetDependency */,
			);
			name = "DemoMVVM-RxSwiftUITests";
			productName = "DemoMVVM-RxSwiftUITests";
			productReference = FCBA8C2E224DC66A00E6A1DE /* DemoMVVM-RxSwiftUITests.xctest */;
			productType = "com.apple.product-type.bundle.ui-testing";
		};
/* End PBXNativeTarget section */

/* Begin PBXProject section */
		FCBA8C07224DC66700E6A1DE /* Project object */ = {
			isa = PBXProject;
			attributes = {
				LastSwiftUpdateCheck = 1010;
				LastUpgradeCheck = 1010;
				ORGANIZATIONNAME = "Beetsoft CO., LTD";
				TargetAttributes = {
					FCBA8C0E224DC66700E6A1DE = {
						CreatedOnToolsVersion = 10.1;
					};
					FCBA8C22224DC66A00E6A1DE = {
						CreatedOnToolsVersion = 10.1;
						TestTargetID = FCBA8C0E224DC66700E6A1DE;
					};
					FCBA8C2D224DC66A00E6A1DE = {
						CreatedOnToolsVersion = 10.1;
						TestTargetID = FCBA8C0E224DC66700E6A1DE;
					};
				};
			};
			buildConfigurationList = FCBA8C0A224DC66700E6A1DE /* Build configuration list for PBXProject "DemoMVVM-RxSwift" */;
			compatibilityVersion = "Xcode 9.3";
			developmentRegion = en;
			hasScannedForEncodings = 0;
			knownRegions = (
				en,
				Base,
			);
			mainGroup = FCBA8C06224DC66700E6A1DE;
			productRefGroup = FCBA8C10224DC66700E6A1DE /* Products */;
			projectDirPath = "";
			projectRoot = "";
			targets = (
				FCBA8C0E224DC66700E6A1DE /* DemoMVVM-RxSwift */,
				FCBA8C22224DC66A00E6A1DE /* DemoMVVM-RxSwiftTests */,
				FCBA8C2D224DC66A00E6A1DE /* DemoMVVM-RxSwiftUITests */,
			);
		};
/* End PBXProject section */

/* Begin PBXResourcesBuildPhase section */
		FCBA8C0D224DC66700E6A1DE /* Resources */ = {
			isa = PBXResourcesBuildPhase;
			buildActionMask = 2147483647;
			files = (
				FCBA8C1D224DC66A00E6A1DE /* LaunchScreen.storyboard in Resources */,
				FCBA8C1A224DC66A00E6A1DE /* Assets.xcassets in Resources */,
				FCBA8C18224DC66700E6A1DE /* Main.storyboard in Resources */,
			);
			runOnlyForDeploymentPostprocessing = 0;
		};
		FCBA8C21224DC66A00E6A1DE /* Resources */ = {
			isa = PBXResourcesBuildPhase;
			buildActionMask = 2147483647;
			files = (
			);
			runOnlyForDeploymentPostprocessing = 0;
		};
		FCBA8C2C224DC66A00E6A1DE /* Resources */ = {
			isa = PBXResourcesBuildPhase;
			buildActionMask = 2147483647;
			files = (
			);
			runOnlyForDeploymentPostprocessing = 0;
		};
/* End PBXResourcesBuildPhase section */

/* Begin PBXShellScriptBuildPhase section */
		2E094AC41FB9DD8DCF0B1F10 /* [CP] Embed Pods Frameworks */ = {
			isa = PBXShellScriptBuildPhase;
			buildActionMask = 2147483647;
			files = (
			);
			inputFileListPaths = (
			);
			inputPaths = (
				"${PODS_ROOT}/Target Support Files/Pods-DemoMVVM-RxSwift/Pods-DemoMVVM-RxSwift-frameworks.sh",
				"${BUILT_PRODUCTS_DIR}/Material/Material.framework",
				"${BUILT_PRODUCTS_DIR}/Motion/Motion.framework",
				"${BUILT_PRODUCTS_DIR}/RxAtomic/RxAtomic.framework",
				"${BUILT_PRODUCTS_DIR}/RxCocoa/RxCocoa.framework",
				"${BUILT_PRODUCTS_DIR}/RxSwift/RxSwift.framework",
				"${BUILT_PRODUCTS_DIR}/SwiftyJSON/SwiftyJSON.framework",
				"${BUILT_PRODUCTS_DIR}/Then/Then.framework",
			);
			name = "[CP] Embed Pods Frameworks";
			outputFileListPaths = (
			);
			outputPaths = (
				"${TARGET_BUILD_DIR}/${FRAMEWORKS_FOLDER_PATH}/Material.framework",
				"${TARGET_BUILD_DIR}/${FRAMEWORKS_FOLDER_PATH}/Motion.framework",
				"${TARGET_BUILD_DIR}/${FRAMEWORKS_FOLDER_PATH}/RxAtomic.framework",
				"${TARGET_BUILD_DIR}/${FRAMEWORKS_FOLDER_PATH}/RxCocoa.framework",
				"${TARGET_BUILD_DIR}/${FRAMEWORKS_FOLDER_PATH}/RxSwift.framework",
				"${TARGET_BUILD_DIR}/${FRAMEWORKS_FOLDER_PATH}/SwiftyJSON.framework",
				"${TARGET_BUILD_DIR}/${FRAMEWORKS_FOLDER_PATH}/Then.framework",
			);
			runOnlyForDeploymentPostprocessing = 0;
			shellPath = /bin/sh;
			shellScript = "\"${PODS_ROOT}/Target Support Files/Pods-DemoMVVM-RxSwift/Pods-DemoMVVM-RxSwift-frameworks.sh\"\n";
			showEnvVarsInLog = 0;
		};
		5E9C25E90C08C96A71A6AB1A /* [CP] Check Pods Manifest.lock */ = {
			isa = PBXShellScriptBuildPhase;
			buildActionMask = 2147483647;
			files = (
			);
			inputFileListPaths = (
			);
			inputPaths = (
				"${PODS_PODFILE_DIR_PATH}/Podfile.lock",
				"${PODS_ROOT}/Manifest.lock",
			);
			name = "[CP] Check Pods Manifest.lock";
			outputFileListPaths = (
			);
			outputPaths = (
				"$(DERIVED_FILE_DIR)/Pods-DemoMVVM-RxSwift-checkManifestLockResult.txt",
			);
			runOnlyForDeploymentPostprocessing = 0;
			shellPath = /bin/sh;
			shellScript = "diff \"${PODS_PODFILE_DIR_PATH}/Podfile.lock\" \"${PODS_ROOT}/Manifest.lock\" > /dev/null\nif [ $? != 0 ] ; then\n    # print error to STDERR\n    echo \"error: The sandbox is not in sync with the Podfile.lock. Run 'pod install' or update your CocoaPods installation.\" >&2\n    exit 1\nfi\n# This output is used by Xcode 'outputs' to avoid re-running this script phase.\necho \"SUCCESS\" > \"${SCRIPT_OUTPUT_FILE_0}\"\n";
			showEnvVarsInLog = 0;
		};
		A11771E9C5438F563F3FD3D5 /* [CP] Check Pods Manifest.lock */ = {
			isa = PBXShellScriptBuildPhase;
			buildActionMask = 2147483647;
			files = (
			);
			inputFileListPaths = (
			);
			inputPaths = (
				"${PODS_PODFILE_DIR_PATH}/Podfile.lock",
				"${PODS_ROOT}/Manifest.lock",
			);
			name = "[CP] Check Pods Manifest.lock";
			outputFileListPaths = (
			);
			outputPaths = (
				"$(DERIVED_FILE_DIR)/Pods-DemoMVVM-RxSwiftTests-checkManifestLockResult.txt",
			);
			runOnlyForDeploymentPostprocessing = 0;
			shellPath = /bin/sh;
			shellScript = "diff \"${PODS_PODFILE_DIR_PATH}/Podfile.lock\" \"${PODS_ROOT}/Manifest.lock\" > /dev/null\nif [ $? != 0 ] ; then\n    # print error to STDERR\n    echo \"error: The sandbox is not in sync with the Podfile.lock. Run 'pod install' or update your CocoaPods installation.\" >&2\n    exit 1\nfi\n# This output is used by Xcode 'outputs' to avoid re-running this script phase.\necho \"SUCCESS\" > \"${SCRIPT_OUTPUT_FILE_0}\"\n";
			showEnvVarsInLog = 0;
		};
		CAC6F1D987C930405664228B /* [CP] Check Pods Manifest.lock */ = {
			isa = PBXShellScriptBuildPhase;
			buildActionMask = 2147483647;
			files = (
			);
			inputFileListPaths = (
			);
			inputPaths = (
				"${PODS_PODFILE_DIR_PATH}/Podfile.lock",
				"${PODS_ROOT}/Manifest.lock",
			);
			name = "[CP] Check Pods Manifest.lock";
			outputFileListPaths = (
			);
			outputPaths = (
				"$(DERIVED_FILE_DIR)/Pods-DemoMVVM-RxSwiftUITests-checkManifestLockResult.txt",
			);
			runOnlyForDeploymentPostprocessing = 0;
			shellPath = /bin/sh;
			shellScript = "diff \"${PODS_PODFILE_DIR_PATH}/Podfile.lock\" \"${PODS_ROOT}/Manifest.lock\" > /dev/null\nif [ $? != 0 ] ; then\n    # print error to STDERR\n    echo \"error: The sandbox is not in sync with the Podfile.lock. Run 'pod install' or update your CocoaPods installation.\" >&2\n    exit 1\nfi\n# This output is used by Xcode 'outputs' to avoid re-running this script phase.\necho \"SUCCESS\" > \"${SCRIPT_OUTPUT_FILE_0}\"\n";
			showEnvVarsInLog = 0;
		};
/* End PBXShellScriptBuildPhase section */

/* Begin PBXSourcesBuildPhase section */
		FCBA8C0B224DC66700E6A1DE /* Sources */ = {
			isa = PBXSourcesBuildPhase;
			buildActionMask = 2147483647;
			files = (
				FCBA8C15224DC66700E6A1DE /* ViewController.swift in Sources */,
				FCBA8C13224DC66700E6A1DE /* AppDelegate.swift in Sources */,
			);
			runOnlyForDeploymentPostprocessing = 0;
		};
		FCBA8C1F224DC66A00E6A1DE /* Sources */ = {
			isa = PBXSourcesBuildPhase;
			buildActionMask = 2147483647;
			files = (
				FCBA8C28224DC66A00E6A1DE /* DemoMVVM_RxSwiftTests.swift in Sources */,
			);
			runOnlyForDeploymentPostprocessing = 0;
		};
		FCBA8C2A224DC66A00E6A1DE /* Sources */ = {
			isa = PBXSourcesBuildPhase;
			buildActionMask = 2147483647;
			files = (
				FCBA8C33224DC66A00E6A1DE /* DemoMVVM_RxSwiftUITests.swift in Sources */,
			);
			runOnlyForDeploymentPostprocessing = 0;
		};
/* End PBXSourcesBuildPhase section */

/* Begin PBXTargetDependency section */
		FCBA8C25224DC66A00E6A1DE /* PBXTargetDependency */ = {
			isa = PBXTargetDependency;
			target = FCBA8C0E224DC66700E6A1DE /* DemoMVVM-RxSwift */;
			targetProxy = FCBA8C24224DC66A00E6A1DE /* PBXContainerItemProxy */;
		};
		FCBA8C30224DC66A00E6A1DE /* PBXTargetDependency */ = {
			isa = PBXTargetDependency;
			target = FCBA8C0E224DC66700E6A1DE /* DemoMVVM-RxSwift */;
			targetProxy = FCBA8C2F224DC66A00E6A1DE /* PBXContainerItemProxy */;
		};
/* End PBXTargetDependency section */

/* Begin PBXVariantGroup section */
		FCBA8C16224DC66700E6A1DE /* Main.storyboard */ = {
			isa = PBXVariantGroup;
			children = (
				FCBA8C17224DC66700E6A1DE /* Base */,
			);
			name = Main.storyboard;
			sourceTree = "<group>";
		};
		FCBA8C1B224DC66A00E6A1DE /* LaunchScreen.storyboard */ = {
			isa = PBXVariantGroup;
			children = (
				FCBA8C1C224DC66A00E6A1DE /* Base */,
			);
			name = LaunchScreen.storyboard;
			sourceTree = "<group>";
		};
/* End PBXVariantGroup section */

/* Begin XCBuildConfiguration section */
		FCBA8C35224DC66A00E6A1DE /* Debug */ = {
			isa = XCBuildConfiguration;
			buildSettings = {
				ALWAYS_SEARCH_USER_PATHS = NO;
				CLANG_ANALYZER_NONNULL = YES;
				CLANG_ANALYZER_NUMBER_OBJECT_CONVERSION = YES_AGGRESSIVE;
				CLANG_CXX_LANGUAGE_STANDARD = "gnu++14";
				CLANG_CXX_LIBRARY = "libc++";
				CLANG_ENABLE_MODULES = YES;
				CLANG_ENABLE_OBJC_ARC = YES;
				CLANG_ENABLE_OBJC_WEAK = YES;
				CLANG_WARN_BLOCK_CAPTURE_AUTORELEASING = YES;
				CLANG_WARN_BOOL_CONVERSION = YES;
				CLANG_WARN_COMMA = YES;
				CLANG_WARN_CONSTANT_CONVERSION = YES;
				CLANG_WARN_DEPRECATED_OBJC_IMPLEMENTATIONS = YES;
				CLANG_WARN_DIRECT_OBJC_ISA_USAGE = YES_ERROR;
				CLANG_WARN_DOCUMENTATION_COMMENTS = YES;
				CLANG_WARN_EMPTY_BODY = YES;
				CLANG_WARN_ENUM_CONVERSION = YES;
				CLANG_WARN_INFINITE_RECURSION = YES;
				CLANG_WARN_INT_CONVERSION = YES;
				CLANG_WARN_NON_LITERAL_NULL_CONVERSION = YES;
				CLANG_WARN_OBJC_IMPLICIT_RETAIN_SELF = YES;
				CLANG_WARN_OBJC_LITERAL_CONVERSION = YES;
				CLANG_WARN_OBJC_ROOT_CLASS = YES_ERROR;
				CLANG_WARN_RANGE_LOOP_ANALYSIS = YES;
				CLANG_WARN_STRICT_PROTOTYPES = YES;
				CLANG_WARN_SUSPICIOUS_MOVE = YES;
				CLANG_WARN_UNGUARDED_AVAILABILITY = YES_AGGRESSIVE;
				CLANG_WARN_UNREACHABLE_CODE = YES;
				CLANG_WARN__DUPLICATE_METHOD_MATCH = YES;
				CODE_SIGN_IDENTITY = "iPhone Developer";
				COPY_PHASE_STRIP = NO;
				DEBUG_INFORMATION_FORMAT = dwarf;
				ENABLE_STRICT_OBJC_MSGSEND = YES;
				ENABLE_TESTABILITY = YES;
				GCC_C_LANGUAGE_STANDARD = gnu11;
				GCC_DYNAMIC_NO_PIC = NO;
				GCC_NO_COMMON_BLOCKS = YES;
				GCC_OPTIMIZATION_LEVEL = 0;
				GCC_PREPROCESSOR_DEFINITIONS = (
					"DEBUG=1",
					"$(inherited)",
				);
				GCC_WARN_64_TO_32_BIT_CONVERSION = YES;
				GCC_WARN_ABOUT_RETURN_TYPE = YES_ERROR;
				GCC_WARN_UNDECLARED_SELECTOR = YES;
				GCC_WARN_UNINITIALIZED_AUTOS = YES_AGGRESSIVE;
				GCC_WARN_UNUSED_FUNCTION = YES;
				GCC_WARN_UNUSED_VARIABLE = YES;
				IPHONEOS_DEPLOYMENT_TARGET = 12.1;
				MTL_ENABLE_DEBUG_INFO = INCLUDE_SOURCE;
				MTL_FAST_MATH = YES;
				ONLY_ACTIVE_ARCH = YES;
				SDKROOT = iphoneos;
				SWIFT_ACTIVE_COMPILATION_CONDITIONS = DEBUG;
				SWIFT_OPTIMIZATION_LEVEL = "-Onone";
			};
			name = Debug;
		};
		FCBA8C36224DC66A00E6A1DE /* Release */ = {
			isa = XCBuildConfiguration;
			buildSettings = {
				ALWAYS_SEARCH_USER_PATHS = NO;
				CLANG_ANALYZER_NONNULL = YES;
				CLANG_ANALYZER_NUMBER_OBJECT_CONVERSION = YES_AGGRESSIVE;
				CLANG_CXX_LANGUAGE_STANDARD = "gnu++14";
				CLANG_CXX_LIBRARY = "libc++";
				CLANG_ENABLE_MODULES = YES;
				CLANG_ENABLE_OBJC_ARC = YES;
				CLANG_ENABLE_OBJC_WEAK = YES;
				CLANG_WARN_BLOCK_CAPTURE_AUTORELEASING = YES;
				CLANG_WARN_BOOL_CONVERSION = YES;
				CLANG_WARN_COMMA = YES;
				CLANG_WARN_CONSTANT_CONVERSION = YES;
				CLANG_WARN_DEPRECATED_OBJC_IMPLEMENTATIONS = YES;
				CLANG_WARN_DIRECT_OBJC_ISA_USAGE = YES_ERROR;
				CLANG_WARN_DOCUMENTATION_COMMENTS = YES;
				CLANG_WARN_EMPTY_BODY = YES;
				CLANG_WARN_ENUM_CONVERSION = YES;
				CLANG_WARN_INFINITE_RECURSION = YES;
				CLANG_WARN_INT_CONVERSION = YES;
				CLANG_WARN_NON_LITERAL_NULL_CONVERSION = YES;
				CLANG_WARN_OBJC_IMPLICIT_RETAIN_SELF = YES;
				CLANG_WARN_OBJC_LITERAL_CONVERSION = YES;
				CLANG_WARN_OBJC_ROOT_CLASS = YES_ERROR;
				CLANG_WARN_RANGE_LOOP_ANALYSIS = YES;
				CLANG_WARN_STRICT_PROTOTYPES = YES;
				CLANG_WARN_SUSPICIOUS_MOVE = YES;
				CLANG_WARN_UNGUARDED_AVAILABILITY = YES_AGGRESSIVE;
				CLANG_WARN_UNREACHABLE_CODE = YES;
				CLANG_WARN__DUPLICATE_METHOD_MATCH = YES;
				CODE_SIGN_IDENTITY = "iPhone Developer";
				COPY_PHASE_STRIP = NO;
				DEBUG_INFORMATION_FORMAT = "dwarf-with-dsym";
				ENABLE_NS_ASSERTIONS = NO;
				ENABLE_STRICT_OBJC_MSGSEND = YES;
				GCC_C_LANGUAGE_STANDARD = gnu11;
				GCC_NO_COMMON_BLOCKS = YES;
				GCC_WARN_64_TO_32_BIT_CONVERSION = YES;
				GCC_WARN_ABOUT_RETURN_TYPE = YES_ERROR;
				GCC_WARN_UNDECLARED_SELECTOR = YES;
				GCC_WARN_UNINITIALIZED_AUTOS = YES_AGGRESSIVE;
				GCC_WARN_UNUSED_FUNCTION = YES;
				GCC_WARN_UNUSED_VARIABLE = YES;
				IPHONEOS_DEPLOYMENT_TARGET = 12.1;
				MTL_ENABLE_DEBUG_INFO = NO;
				MTL_FAST_MATH = YES;
				SDKROOT = iphoneos;
				SWIFT_COMPILATION_MODE = wholemodule;
				SWIFT_OPTIMIZATION_LEVEL = "-O";
				VALIDATE_PRODUCT = YES;
			};
			name = Release;
		};
		FCBA8C38224DC66A00E6A1DE /* Debug */ = {
			isa = XCBuildConfiguration;
			baseConfigurationReference = A5F1CEE0484EE8F09EDF490F /* Pods-DemoMVVM-RxSwift.debug.xcconfig */;
			buildSettings = {
				ASSETCATALOG_COMPILER_APPICON_NAME = AppIcon;
				CODE_SIGN_STYLE = Automatic;
				DEVELOPMENT_TEAM = T2F46JJNJ6;
				INFOPLIST_FILE = "DemoMVVM-RxSwift/Info.plist";
				LD_RUNPATH_SEARCH_PATHS = (
					"$(inherited)",
					"@executable_path/Frameworks",
				);
				PRODUCT_BUNDLE_IDENTIFIER = "com.beetsoft.DemoMVVM-RxSwift";
				PRODUCT_NAME = "$(TARGET_NAME)";
				SWIFT_VERSION = 4.2;
				TARGETED_DEVICE_FAMILY = "1,2";
			};
			name = Debug;
		};
		FCBA8C39224DC66A00E6A1DE /* Release */ = {
			isa = XCBuildConfiguration;
			baseConfigurationReference = F2EB88CE0392F45BE2A9E70C /* Pods-DemoMVVM-RxSwift.release.xcconfig */;
			buildSettings = {
				ASSETCATALOG_COMPILER_APPICON_NAME = AppIcon;
				CODE_SIGN_STYLE = Automatic;
				DEVELOPMENT_TEAM = T2F46JJNJ6;
				INFOPLIST_FILE = "DemoMVVM-RxSwift/Info.plist";
				LD_RUNPATH_SEARCH_PATHS = (
					"$(inherited)",
					"@executable_path/Frameworks",
				);
				PRODUCT_BUNDLE_IDENTIFIER = "com.beetsoft.DemoMVVM-RxSwift";
				PRODUCT_NAME = "$(TARGET_NAME)";
				SWIFT_VERSION = 4.2;
				TARGETED_DEVICE_FAMILY = "1,2";
			};
			name = Release;
		};
		FCBA8C3B224DC66A00E6A1DE /* Debug */ = {
			isa = XCBuildConfiguration;
			baseConfigurationReference = 1996A56D74D5E18C7D075DCD /* Pods-DemoMVVM-RxSwiftTests.debug.xcconfig */;
			buildSettings = {
				ALWAYS_EMBED_SWIFT_STANDARD_LIBRARIES = YES;
				BUNDLE_LOADER = "$(TEST_HOST)";
				CODE_SIGN_STYLE = Automatic;
				DEVELOPMENT_TEAM = T2F46JJNJ6;
				INFOPLIST_FILE = "DemoMVVM-RxSwiftTests/Info.plist";
				LD_RUNPATH_SEARCH_PATHS = (
					"$(inherited)",
					"@executable_path/Frameworks",
					"@loader_path/Frameworks",
				);
				PRODUCT_BUNDLE_IDENTIFIER = "com.beetsoft.DemoMVVM-RxSwiftTests";
				PRODUCT_NAME = "$(TARGET_NAME)";
				SWIFT_VERSION = 4.2;
				TARGETED_DEVICE_FAMILY = "1,2";
				TEST_HOST = "$(BUILT_PRODUCTS_DIR)/DemoMVVM-RxSwift.app/DemoMVVM-RxSwift";
			};
			name = Debug;
		};
		FCBA8C3C224DC66A00E6A1DE /* Release */ = {
			isa = XCBuildConfiguration;
			baseConfigurationReference = 1F09DDFE9060F5D84AB5F83B /* Pods-DemoMVVM-RxSwiftTests.release.xcconfig */;
			buildSettings = {
				ALWAYS_EMBED_SWIFT_STANDARD_LIBRARIES = YES;
				BUNDLE_LOADER = "$(TEST_HOST)";
				CODE_SIGN_STYLE = Automatic;
				DEVELOPMENT_TEAM = T2F46JJNJ6;
				INFOPLIST_FILE = "DemoMVVM-RxSwiftTests/Info.plist";
				LD_RUNPATH_SEARCH_PATHS = (
					"$(inherited)",
					"@executable_path/Frameworks",
					"@loader_path/Frameworks",
				);
				PRODUCT_BUNDLE_IDENTIFIER = "com.beetsoft.DemoMVVM-RxSwiftTests";
				PRODUCT_NAME = "$(TARGET_NAME)";
				SWIFT_VERSION = 4.2;
				TARGETED_DEVICE_FAMILY = "1,2";
				TEST_HOST = "$(BUILT_PRODUCTS_DIR)/DemoMVVM-RxSwift.app/DemoMVVM-RxSwift";
			};
			name = Release;
		};
		FCBA8C3E224DC66A00E6A1DE /* Debug */ = {
			isa = XCBuildConfiguration;
			baseConfigurationReference = 8D0F470268176F4A37797A17 /* Pods-DemoMVVM-RxSwiftUITests.debug.xcconfig */;
			buildSettings = {
				ALWAYS_EMBED_SWIFT_STANDARD_LIBRARIES = YES;
				CODE_SIGN_STYLE = Automatic;
				DEVELOPMENT_TEAM = T2F46JJNJ6;
				INFOPLIST_FILE = "DemoMVVM-RxSwiftUITests/Info.plist";
				LD_RUNPATH_SEARCH_PATHS = (
					"$(inherited)",
					"@executable_path/Frameworks",
					"@loader_path/Frameworks",
				);
				PRODUCT_BUNDLE_IDENTIFIER = "com.beetsoft.DemoMVVM-RxSwiftUITests";
				PRODUCT_NAME = "$(TARGET_NAME)";
				SWIFT_VERSION = 4.2;
				TARGETED_DEVICE_FAMILY = "1,2";
				TEST_TARGET_NAME = "DemoMVVM-RxSwift";
			};
			name = Debug;
		};
		FCBA8C3F224DC66A00E6A1DE /* Release */ = {
			isa = XCBuildConfiguration;
			baseConfigurationReference = 661ADBE44343FF0F6C683021 /* Pods-DemoMVVM-RxSwiftUITests.release.xcconfig */;
			buildSettings = {
				ALWAYS_EMBED_SWIFT_STANDARD_LIBRARIES = YES;
				CODE_SIGN_STYLE = Automatic;
				DEVELOPMENT_TEAM = T2F46JJNJ6;
				INFOPLIST_FILE = "DemoMVVM-RxSwiftUITests/Info.plist";
				LD_RUNPATH_SEARCH_PATHS = (
					"$(inherited)",
					"@executable_path/Frameworks",
					"@loader_path/Frameworks",
				);
				PRODUCT_BUNDLE_IDENTIFIER = "com.beetsoft.DemoMVVM-RxSwiftUITests";
				PRODUCT_NAME = "$(TARGET_NAME)";
				SWIFT_VERSION = 4.2;
				TARGETED_DEVICE_FAMILY = "1,2";
				TEST_TARGET_NAME = "DemoMVVM-RxSwift";
			};
			name = Release;
		};
/* End XCBuildConfiguration section */

/* Begin XCConfigurationList section */
		FCBA8C0A224DC66700E6A1DE /* Build configuration list for PBXProject "DemoMVVM-RxSwift" */ = {
			isa = XCConfigurationList;
			buildConfigurations = (
				FCBA8C35224DC66A00E6A1DE /* Debug */,
				FCBA8C36224DC66A00E6A1DE /* Release */,
			);
			defaultConfigurationIsVisible = 0;
			defaultConfigurationName = Release;
		};
		FCBA8C37224DC66A00E6A1DE /* Build configuration list for PBXNativeTarget "DemoMVVM-RxSwift" */ = {
			isa = XCConfigurationList;
			buildConfigurations = (
				FCBA8C38224DC66A00E6A1DE /* Debug */,
				FCBA8C39224DC66A00E6A1DE /* Release */,
			);
			defaultConfigurationIsVisible = 0;
			defaultConfigurationName = Release;
		};
		FCBA8C3A224DC66A00E6A1DE /* Build configuration list for PBXNativeTarget "DemoMVVM-RxSwiftTests" */ = {
			isa = XCConfigurationList;
			buildConfigurations = (
				FCBA8C3B224DC66A00E6A1DE /* Debug */,
				FCBA8C3C224DC66A00E6A1DE /* Release */,
			);
			defaultConfigurationIsVisible = 0;
			defaultConfigurationName = Release;
		};
		FCBA8C3D224DC66A00E6A1DE /* Build configuration list for PBXNativeTarget "DemoMVVM-RxSwiftUITests" */ = {
			isa = XCConfigurationList;
			buildConfigurations = (
				FCBA8C3E224DC66A00E6A1DE /* Debug */,
				FCBA8C3F224DC66A00E6A1DE /* Release */,
			);
			defaultConfigurationIsVisible = 0;
			defaultConfigurationName = Release;
		};
/* End XCConfigurationList section */
	};
	rootObject = FCBA8C07224DC66700E6A1DE /* Project object */;
}
